
Microsoft Visual Studio Solution File, Format Version 12.00
# Visual Studio Version 17
VisualStudioVersion = 17.7.34009.444
MinimumVisualStudioVersion = 10.0.40219.1
Project("{FAE04EC0-301F-11D3-BF4B-00C04F79EFBC}") = "webapp", "webapp\webapp.csproj", "{7F2D8817-7E49-46BE-B5E6-741357DA4D0A}"
EndProject
Global
	GlobalSection(SolutionConfigurationPlatforms) = preSolution
		Debug|Any CPU = Debug|Any CPU
		Release|Any CPU = Release|Any CPU
	EndGlobalSection
	GlobalSection(ProjectConfigurationPlatforms) = postSolution
		{7F2D8817-7E49-46BE-B5E6-741357DA4D0A}.Debug|Any CPU.ActiveCfg = Debug|Any CPU
		{7F2D8817-7E49-46BE-B5E6-741357DA4D0A}.Debug|Any CPU.Build.0 = Debug|Any CPU
		{7F2D8817-7E49-46BE-B5E6-741357DA4D0A}.Release|Any CPU.ActiveCfg = Release|Any CPU
		{7F2D8817-7E49-46BE-B5E6-741357DA4D0A}.Release|Any CPU.Build.0 = Release|Any CPU
	EndGlobalSection
	GlobalSection(SolutionProperties) = preSolution
		HideSolutionNode = FALSE
	EndGlobalSection
	GlobalSection(ExtensibilityGlobals) = postSolution
		SolutionGuid = {9B13A82B-5E7B-43CD-83F4-F12FEFD4887A}
	EndGlobalSection
EndGlobal
